// !$*UTF8*$!
{
	archiveVersion = 1;
	classes = {
	};
	objectVersion = 60;
	objects = {

/* Begin PBXBuildFile section */
		727926512C8D9685007778A8 /* AppDelegate.swift in Sources */ = {isa = PBXBuildFile; fileRef = 727926502C8D9685007778A8 /* AppDelegate.swift */; };
		727926532C8D9685007778A8 /* SceneDelegate.swift in Sources */ = {isa = PBXBuildFile; fileRef = 727926522C8D9685007778A8 /* SceneDelegate.swift */; };
		727926552C8D9685007778A8 /* RootViewController.swift in Sources */ = {isa = PBXBuildFile; fileRef = 727926542C8D9685007778A8 /* RootViewController.swift */; };
		7279265A2C8D9687007778A8 /* Assets.xcassets in Resources */ = {isa = PBXBuildFile; fileRef = 727926592C8D9687007778A8 /* Assets.xcassets */; };
		727926652C8D96F9007778A8 /* CustomCellCollectionViewCell.swift in Sources */ = {isa = PBXBuildFile; fileRef = 727926642C8D96F9007778A8 /* CustomCellCollectionViewCell.swift */; };
		727926672C8D9714007778A8 /* ConstantStrings.swift in Sources */ = {isa = PBXBuildFile; fileRef = 727926662C8D9714007778A8 /* ConstantStrings.swift */; };
		727926692C8D9727007778A8 /* Sizes.swift in Sources */ = {isa = PBXBuildFile; fileRef = 727926682C8D9727007778A8 /* Sizes.swift */; };
		7279266C2C8D979A007778A8 /* CurrentGeoPositionPackage in Frameworks */ = {isa = PBXBuildFile; productRef = 7279266B2C8D979A007778A8 /* CurrentGeoPositionPackage */; };
		7279266F2C8D97E7007778A8 /* WeatherForecastSPM in Frameworks */ = {isa = PBXBuildFile; productRef = 7279266E2C8D97E7007778A8 /* WeatherForecastSPM */; };
		727926722C8D97F2007778A8 /* TikTacToeSPM in Frameworks */ = {isa = PBXBuildFile; productRef = 727926712C8D97F2007778A8 /* TikTacToeSPM */; };
		727926742C8D984F007778A8 /* Model.swift in Sources */ = {isa = PBXBuildFile; fileRef = 727926732C8D984F007778A8 /* Model.swift */; };
		727926762C8D99F6007778A8 /* ReadMe.md in Resources */ = {isa = PBXBuildFile; fileRef = 727926752C8D99F5007778A8 /* ReadMe.md */; };
/* End PBXBuildFile section */

/* Begin PBXFileReference section */
		7279264D2C8D9685007778A8 /* miniApps.app */ = {isa = PBXFileReference; explicitFileType = wrapper.application; includeInIndex = 0; path = miniApps.app; sourceTree = BUILT_PRODUCTS_DIR; };
		727926502C8D9685007778A8 /* AppDelegate.swift */ = {isa = PBXFileReference; lastKnownFileType = sourcecode.swift; path = AppDelegate.swift; sourceTree = "<group>"; };
		727926522C8D9685007778A8 /* SceneDelegate.swift */ = {isa = PBXFileReference; lastKnownFileType = sourcecode.swift; path = SceneDelegate.swift; sourceTree = "<group>"; };
		727926542C8D9685007778A8 /* RootViewController.swift */ = {isa = PBXFileReference; lastKnownFileType = sourcecode.swift; path = RootViewController.swift; sourceTree = "<group>"; };
		727926592C8D9687007778A8 /* Assets.xcassets */ = {isa = PBXFileReference; lastKnownFileType = folder.assetcatalog; path = Assets.xcassets; sourceTree = "<group>"; };
		7279265E2C8D9687007778A8 /* Info.plist */ = {isa = PBXFileReference; lastKnownFileType = text.plist.xml; path = Info.plist; sourceTree = "<group>"; };
		727926642C8D96F9007778A8 /* CustomCellCollectionViewCell.swift */ = {isa = PBXFileReference; lastKnownFileType = sourcecode.swift; path = CustomCellCollectionViewCell.swift; sourceTree = "<group>"; };
		727926662C8D9714007778A8 /* ConstantStrings.swift */ = {isa = PBXFileReference; lastKnownFileType = sourcecode.swift; path = ConstantStrings.swift; sourceTree = "<group>"; };
		727926682C8D9727007778A8 /* Sizes.swift */ = {isa = PBXFileReference; lastKnownFileType = sourcecode.swift; path = Sizes.swift; sourceTree = "<group>"; };
		727926732C8D984F007778A8 /* Model.swift */ = {isa = PBXFileReference; lastKnownFileType = sourcecode.swift; path = Model.swift; sourceTree = "<group>"; };
		727926752C8D99F5007778A8 /* ReadMe.md */ = {isa = PBXFileReference; lastKnownFileType = net.daringfireball.markdown; path = ReadMe.md; sourceTree = "<group>"; };
/* End PBXFileReference section */

/* Begin PBXFrameworksBuildPhase section */
		7279264A2C8D9685007778A8 /* Frameworks */ = {
			isa = PBXFrameworksBuildPhase;
			buildActionMask = 2147483647;
			files = (
				727926722C8D97F2007778A8 /* TikTacToeSPM in Frameworks */,
				7279266C2C8D979A007778A8 /* CurrentGeoPositionPackage in Frameworks */,
				7279266F2C8D97E7007778A8 /* WeatherForecastSPM in Frameworks */,
			);
			runOnlyForDeploymentPostprocessing = 0;
		};
/* End PBXFrameworksBuildPhase section */

/* Begin PBXGroup section */
		727926442C8D9685007778A8 = {
			isa = PBXGroup;
			children = (
				7279264F2C8D9685007778A8 /* miniApps */,
				7279264E2C8D9685007778A8 /* Products */,
			);
			sourceTree = "<group>";
		};
		7279264E2C8D9685007778A8 /* Products */ = {
			isa = PBXGroup;
			children = (
				7279264D2C8D9685007778A8 /* miniApps.app */,
			);
			name = Products;
			sourceTree = "<group>";
		};
		7279264F2C8D9685007778A8 /* miniApps */ = {
			isa = PBXGroup;
			children = (
				727926772C8D9A6E007778A8 /* Resource */,
				727926782C8D9A7A007778A8 /* ViewControllers */,
				727926792C8D9A8A007778A8 /* CustomView */,
				7279267A2C8D9A98007778A8 /* SupportingFiles */,
				7279267B2C8D9AAE007778A8 /* Model */,
				727926752C8D99F5007778A8 /* ReadMe.md */,
				727926592C8D9687007778A8 /* Assets.xcassets */,
				7279265E2C8D9687007778A8 /* Info.plist */,
			);
			path = miniApps;
			sourceTree = "<group>";
		};
		727926772C8D9A6E007778A8 /* Resource */ = {
			isa = PBXGroup;
			children = (
				727926522C8D9685007778A8 /* SceneDelegate.swift */,
				727926502C8D9685007778A8 /* AppDelegate.swift */,
			);
			path = Resource;
			sourceTree = "<group>";
		};
		727926782C8D9A7A007778A8 /* ViewControllers */ = {
			isa = PBXGroup;
			children = (
				727926542C8D9685007778A8 /* RootViewController.swift */,
			);
			path = ViewControllers;
			sourceTree = "<group>";
		};
		727926792C8D9A8A007778A8 /* CustomView */ = {
			isa = PBXGroup;
			children = (
				727926642C8D96F9007778A8 /* CustomCellCollectionViewCell.swift */,
			);
			path = CustomView;
			sourceTree = "<group>";
		};
		7279267A2C8D9A98007778A8 /* SupportingFiles */ = {
			isa = PBXGroup;
			children = (
				727926662C8D9714007778A8 /* ConstantStrings.swift */,
				727926682C8D9727007778A8 /* Sizes.swift */,
			);
			path = SupportingFiles;
			sourceTree = "<group>";
		};
		7279267B2C8D9AAE007778A8 /* Model */ = {
			isa = PBXGroup;
			children = (
				727926732C8D984F007778A8 /* Model.swift */,
			);
			path = Model;
			sourceTree = "<group>";
		};
/* End PBXGroup section */

/* Begin PBXNativeTarget section */
		7279264C2C8D9685007778A8 /* miniApps */ = {
			isa = PBXNativeTarget;
			buildConfigurationList = 727926612C8D9687007778A8 /* Build configuration list for PBXNativeTarget "miniApps" */;
			buildPhases = (
				727926492C8D9685007778A8 /* Sources */,
				7279264A2C8D9685007778A8 /* Frameworks */,
				7279264B2C8D9685007778A8 /* Resources */,
			);
			buildRules = (
			);
			dependencies = (
			);
			name = miniApps;
			packageProductDependencies = (
				7279266B2C8D979A007778A8 /* CurrentGeoPositionPackage */,
				7279266E2C8D97E7007778A8 /* WeatherForecastSPM */,
				727926712C8D97F2007778A8 /* TikTacToeSPM */,
			);
			productName = miniApps;
			productReference = 7279264D2C8D9685007778A8 /* miniApps.app */;
			productType = "com.apple.product-type.application";
		};
/* End PBXNativeTarget section */

/* Begin PBXProject section */
		727926452C8D9685007778A8 /* Project object */ = {
			isa = PBXProject;
			attributes = {
				BuildIndependentTargetsInParallel = 1;
				LastSwiftUpdateCheck = 1500;
				LastUpgradeCheck = 1500;
				TargetAttributes = {
					7279264C2C8D9685007778A8 = {
						CreatedOnToolsVersion = 15.0;
					};
				};
			};
			buildConfigurationList = 727926482C8D9685007778A8 /* Build configuration list for PBXProject "miniApps" */;
			compatibilityVersion = "Xcode 14.0";
			developmentRegion = en;
			hasScannedForEncodings = 0;
			knownRegions = (
				en,
				Base,
			);
			mainGroup = 727926442C8D9685007778A8;
			packageReferences = (
				7279266A2C8D979A007778A8 /* XCLocalSwiftPackageReference "CurrentGeoPositionPackage" */,
				7279266D2C8D97E7007778A8 /* XCLocalSwiftPackageReference "WeatherForecastSPM" */,
				727926702C8D97F2007778A8 /* XCLocalSwiftPackageReference "TikTacToeSPM" */,
			);
			productRefGroup = 7279264E2C8D9685007778A8 /* Products */;
			projectDirPath = "";
			projectRoot = "";
			targets = (
				7279264C2C8D9685007778A8 /* miniApps */,
			);
		};
/* End PBXProject section */

/* Begin PBXResourcesBuildPhase section */
		7279264B2C8D9685007778A8 /* Resources */ = {
			isa = PBXResourcesBuildPhase;
			buildActionMask = 2147483647;
			files = (
				727926762C8D99F6007778A8 /* ReadMe.md in Resources */,
				7279265A2C8D9687007778A8 /* Assets.xcassets in Resources */,
			);
			runOnlyForDeploymentPostprocessing = 0;
		};
/* End PBXResourcesBuildPhase section */

/* Begin PBXSourcesBuildPhase section */
		727926492C8D9685007778A8 /* Sources */ = {
			isa = PBXSourcesBuildPhase;
			buildActionMask = 2147483647;
			files = (
				727926742C8D984F007778A8 /* Model.swift in Sources */,
				727926692C8D9727007778A8 /* Sizes.swift in Sources */,
				727926672C8D9714007778A8 /* ConstantStrings.swift in Sources */,
				727926552C8D9685007778A8 /* RootViewController.swift in Sources */,
				727926512C8D9685007778A8 /* AppDelegate.swift in Sources */,
				727926532C8D9685007778A8 /* SceneDelegate.swift in Sources */,
				727926652C8D96F9007778A8 /* CustomCellCollectionViewCell.swift in Sources */,
			);
			runOnlyForDeploymentPostprocessing = 0;
		};
/* End PBXSourcesBuildPhase section */

/* Begin XCBuildConfiguration section */
		7279265F2C8D9687007778A8 /* Debug */ = {
			isa = XCBuildConfiguration;
			buildSettings = {
				ALWAYS_SEARCH_USER_PATHS = NO;
				ASSETCATALOG_COMPILER_GENERATE_SWIFT_ASSET_SYMBOL_EXTENSIONS = YES;
				CLANG_ANALYZER_NONNULL = YES;
				CLANG_ANALYZER_NUMBER_OBJECT_CONVERSION = YES_AGGRESSIVE;
				CLANG_CXX_LANGUAGE_STANDARD = "gnu++20";
				CLANG_ENABLE_MODULES = YES;
				CLANG_ENABLE_OBJC_ARC = YES;
				CLANG_ENABLE_OBJC_WEAK = YES;
				CLANG_WARN_BLOCK_CAPTURE_AUTORELEASING = YES;
				CLANG_WARN_BOOL_CONVERSION = YES;
				CLANG_WARN_COMMA = YES;
				CLANG_WARN_CONSTANT_CONVERSION = YES;
				CLANG_WARN_DEPRECATED_OBJC_IMPLEMENTATIONS = YES;
				CLANG_WARN_DIRECT_OBJC_ISA_USAGE = YES_ERROR;
				CLANG_WARN_DOCUMENTATION_COMMENTS = YES;
				CLANG_WARN_EMPTY_BODY = YES;
				CLANG_WARN_ENUM_CONVERSION = YES;
				CLANG_WARN_INFINITE_RECURSION = YES;
				CLANG_WARN_INT_CONVERSION = YES;
				CLANG_WARN_NON_LITERAL_NULL_CONVERSION = YES;
				CLANG_WARN_OBJC_IMPLICIT_RETAIN_SELF = YES;
				CLANG_WARN_OBJC_LITERAL_CONVERSION = YES;
				CLANG_WARN_OBJC_ROOT_CLASS = YES_ERROR;
				CLANG_WARN_QUOTED_INCLUDE_IN_FRAMEWORK_HEADER = YES;
				CLANG_WARN_RANGE_LOOP_ANALYSIS = YES;
				CLANG_WARN_STRICT_PROTOTYPES = YES;
				CLANG_WARN_SUSPICIOUS_MOVE = YES;
				CLANG_WARN_UNGUARDED_AVAILABILITY = YES_AGGRESSIVE;
				CLANG_WARN_UNREACHABLE_CODE = YES;
				CLANG_WARN__DUPLICATE_METHOD_MATCH = YES;
				COPY_PHASE_STRIP = NO;
				DEBUG_INFORMATION_FORMAT = dwarf;
				ENABLE_STRICT_OBJC_MSGSEND = YES;
				ENABLE_TESTABILITY = YES;
				ENABLE_USER_SCRIPT_SANDBOXING = YES;
				GCC_C_LANGUAGE_STANDARD = gnu17;
				GCC_DYNAMIC_NO_PIC = NO;
				GCC_NO_COMMON_BLOCKS = YES;
				GCC_OPTIMIZATION_LEVEL = 0;
				GCC_PREPROCESSOR_DEFINITIONS = (
					"DEBUG=1",
					"$(inherited)",
				);
				GCC_WARN_64_TO_32_BIT_CONVERSION = YES;
				GCC_WARN_ABOUT_RETURN_TYPE = YES_ERROR;
				GCC_WARN_UNDECLARED_SELECTOR = YES;
				GCC_WARN_UNINITIALIZED_AUTOS = YES_AGGRESSIVE;
				GCC_WARN_UNUSED_FUNCTION = YES;
				GCC_WARN_UNUSED_VARIABLE = YES;
				IPHONEOS_DEPLOYMENT_TARGET = 17.0;
				LOCALIZATION_PREFERS_STRING_CATALOGS = YES;
				MTL_ENABLE_DEBUG_INFO = INCLUDE_SOURCE;
				MTL_FAST_MATH = YES;
				ONLY_ACTIVE_ARCH = YES;
				SDKROOT = iphoneos;
				SWIFT_ACTIVE_COMPILATION_CONDITIONS = "DEBUG $(inherited)";
				SWIFT_OPTIMIZATION_LEVEL = "-Onone";
			};
			name = Debug;
		};
		727926602C8D9687007778A8 /* Release */ = {
			isa = XCBuildConfiguration;
			buildSettings = {
				ALWAYS_SEARCH_USER_PATHS = NO;
				ASSETCATALOG_COMPILER_GENERATE_SWIFT_ASSET_SYMBOL_EXTENSIONS = YES;
				CLANG_ANALYZER_NONNULL = YES;
				CLANG_ANALYZER_NUMBER_OBJECT_CONVERSION = YES_AGGRESSIVE;
				CLANG_CXX_LANGUAGE_STANDARD = "gnu++20";
				CLANG_ENABLE_MODULES = YES;
				CLANG_ENABLE_OBJC_ARC = YES;
				CLANG_ENABLE_OBJC_WEAK = YES;
				CLANG_WARN_BLOCK_CAPTURE_AUTORELEASING = YES;
				CLANG_WARN_BOOL_CONVERSION = YES;
				CLANG_WARN_COMMA = YES;
				CLANG_WARN_CONSTANT_CONVERSION = YES;
				CLANG_WARN_DEPRECATED_OBJC_IMPLEMENTATIONS = YES;
				CLANG_WARN_DIRECT_OBJC_ISA_USAGE = YES_ERROR;
				CLANG_WARN_DOCUMENTATION_COMMENTS = YES;
				CLANG_WARN_EMPTY_BODY = YES;
				CLANG_WARN_ENUM_CONVERSION = YES;
				CLANG_WARN_INFINITE_RECURSION = YES;
				CLANG_WARN_INT_CONVERSION = YES;
				CLANG_WARN_NON_LITERAL_NULL_CONVERSION = YES;
				CLANG_WARN_OBJC_IMPLICIT_RETAIN_SELF = YES;
				CLANG_WARN_OBJC_LITERAL_CONVERSION = YES;
				CLANG_WARN_OBJC_ROOT_CLASS = YES_ERROR;
				CLANG_WARN_QUOTED_INCLUDE_IN_FRAMEWORK_HEADER = YES;
				CLANG_WARN_RANGE_LOOP_ANALYSIS = YES;
				CLANG_WARN_STRICT_PROTOTYPES = YES;
				CLANG_WARN_SUSPICIOUS_MOVE = YES;
				CLANG_WARN_UNGUARDED_AVAILABILITY = YES_AGGRESSIVE;
				CLANG_WARN_UNREACHABLE_CODE = YES;
				CLANG_WARN__DUPLICATE_METHOD_MATCH = YES;
				COPY_PHASE_STRIP = NO;
				DEBUG_INFORMATION_FORMAT = "dwarf-with-dsym";
				ENABLE_NS_ASSERTIONS = NO;
				ENABLE_STRICT_OBJC_MSGSEND = YES;
				ENABLE_USER_SCRIPT_SANDBOXING = YES;
				GCC_C_LANGUAGE_STANDARD = gnu17;
				GCC_NO_COMMON_BLOCKS = YES;
				GCC_WARN_64_TO_32_BIT_CONVERSION = YES;
				GCC_WARN_ABOUT_RETURN_TYPE = YES_ERROR;
				GCC_WARN_UNDECLARED_SELECTOR = YES;
				GCC_WARN_UNINITIALIZED_AUTOS = YES_AGGRESSIVE;
				GCC_WARN_UNUSED_FUNCTION = YES;
				GCC_WARN_UNUSED_VARIABLE = YES;
				IPHONEOS_DEPLOYMENT_TARGET = 17.0;
				LOCALIZATION_PREFERS_STRING_CATALOGS = YES;
				MTL_ENABLE_DEBUG_INFO = NO;
				MTL_FAST_MATH = YES;
				SDKROOT = iphoneos;
				SWIFT_COMPILATION_MODE = wholemodule;
				VALIDATE_PRODUCT = YES;
			};
			name = Release;
		};
		727926622C8D9687007778A8 /* Debug */ = {
			isa = XCBuildConfiguration;
			buildSettings = {
				ASSETCATALOG_COMPILER_APPICON_NAME = AppIcon;
				ASSETCATALOG_COMPILER_GLOBAL_ACCENT_COLOR_NAME = AccentColor;
				CODE_SIGN_STYLE = Automatic;
				CURRENT_PROJECT_VERSION = 1;
				GENERATE_INFOPLIST_FILE = YES;
				INFOPLIST_FILE = miniApps/Info.plist;
				INFOPLIST_KEY_UIApplicationSupportsIndirectInputEvents = YES;
				INFOPLIST_KEY_UILaunchStoryboardName = LaunchScreen;
				INFOPLIST_KEY_UISupportedInterfaceOrientations = "UIInterfaceOrientationLandscapeLeft UIInterfaceOrientationLandscapeRight UIInterfaceOrientationPortrait";
				LD_RUNPATH_SEARCH_PATHS = (
					"$(inherited)",
					"@executable_path/Frameworks",
				);
				MARKETING_VERSION = 1.0;
				PRODUCT_BUNDLE_IDENTIFIER = swiftbook.ru.miniApps;
				PRODUCT_NAME = "$(TARGET_NAME)";
				SUPPORTED_PLATFORMS = "iphoneos iphonesimulator";
				SUPPORTS_MACCATALYST = NO;
				SUPPORTS_MAC_DESIGNED_FOR_IPHONE_IPAD = NO;
				SWIFT_EMIT_LOC_STRINGS = YES;
				SWIFT_VERSION = 5.0;
				TARGETED_DEVICE_FAMILY = "1,2";
			};
			name = Debug;
		};
		727926632C8D9687007778A8 /* Release */ = {
			isa = XCBuildConfiguration;
			buildSettings = {
				ASSETCATALOG_COMPILER_APPICON_NAME = AppIcon;
				ASSETCATALOG_COMPILER_GLOBAL_ACCENT_COLOR_NAME = AccentColor;
				CODE_SIGN_STYLE = Automatic;
				CURRENT_PROJECT_VERSION = 1;
				GENERATE_INFOPLIST_FILE = YES;
				INFOPLIST_FILE = miniApps/Info.plist;
				INFOPLIST_KEY_UIApplicationSupportsIndirectInputEvents = YES;
				INFOPLIST_KEY_UILaunchStoryboardName = LaunchScreen;
				INFOPLIST_KEY_UISupportedInterfaceOrientations = "UIInterfaceOrientationLandscapeLeft UIInterfaceOrientationLandscapeRight UIInterfaceOrientationPortrait";
				LD_RUNPATH_SEARCH_PATHS = (
					"$(inherited)",
					"@executable_path/Frameworks",
				);
				MARKETING_VERSION = 1.0;
				PRODUCT_BUNDLE_IDENTIFIER = swiftbook.ru.miniApps;
				PRODUCT_NAME = "$(TARGET_NAME)";
				SUPPORTED_PLATFORMS = "iphoneos iphonesimulator";
				SUPPORTS_MACCATALYST = NO;
				SUPPORTS_MAC_DESIGNED_FOR_IPHONE_IPAD = NO;
				SWIFT_EMIT_LOC_STRINGS = YES;
				SWIFT_VERSION = 5.0;
				TARGETED_DEVICE_FAMILY = "1,2";
			};
			name = Release;
		};
/* End XCBuildConfiguration section */

/* Begin XCConfigurationList section */
		727926482C8D9685007778A8 /* Build configuration list for PBXProject "miniApps" */ = {
			isa = XCConfigurationList;
			buildConfigurations = (
				7279265F2C8D9687007778A8 /* Debug */,
				727926602C8D9687007778A8 /* Release */,
			);
			defaultConfigurationIsVisible = 0;
			defaultConfigurationName = Release;
		};
		727926612C8D9687007778A8 /* Build configuration list for PBXNativeTarget "miniApps" */ = {
			isa = XCConfigurationList;
			buildConfigurations = (
				727926622C8D9687007778A8 /* Debug */,
				727926632C8D9687007778A8 /* Release */,
			);
			defaultConfigurationIsVisible = 0;
			defaultConfigurationName = Release;
		};
/* End XCConfigurationList section */

/* Begin XCLocalSwiftPackageReference section */
		7279266A2C8D979A007778A8 /* XCLocalSwiftPackageReference "CurrentGeoPositionPackage" */ = {
			isa = XCLocalSwiftPackageReference;
			relativePath = CurrentGeoPositionPackage;
		};
		7279266D2C8D97E7007778A8 /* XCLocalSwiftPackageReference "WeatherForecastSPM" */ = {
			isa = XCLocalSwiftPackageReference;
			relativePath = WeatherForecastSPM;
		};
		727926702C8D97F2007778A8 /* XCLocalSwiftPackageReference "TikTacToeSPM" */ = {
			isa = XCLocalSwiftPackageReference;
			relativePath = TikTacToeSPM;
		};
/* End XCLocalSwiftPackageReference section */

/* Begin XCSwiftPackageProductDependency section */
		7279266B2C8D979A007778A8 /* CurrentGeoPositionPackage */ = {
			isa = XCSwiftPackageProductDependency;
			productName = CurrentGeoPositionPackage;
		};
		7279266E2C8D97E7007778A8 /* WeatherForecastSPM */ = {
			isa = XCSwiftPackageProductDependency;
			productName = WeatherForecastSPM;
		};
		727926712C8D97F2007778A8 /* TikTacToeSPM */ = {
			isa = XCSwiftPackageProductDependency;
			productName = TikTacToeSPM;
		};
/* End XCSwiftPackageProductDependency section */
	};
	rootObject = 727926452C8D9685007778A8 /* Project object */;
}
